
Microsoft Visual Studio Solution File, Format Version 12.00
# Visual Studio Version 17
VisualStudioVersion = 17.13.35806.99 d17.13
MinimumVisualStudioVersion = 10.0.40219.1
Project("{FAE04EC0-301F-11D3-BF4B-00C04F79EFBC}") = "ST10438767-PROG6221-POE-Pt1", "ST10438767-PROG6221-POE-Pt1\ST10438767-PROG6221-POE-Pt1.csproj", "{0D142672-1BCD-4618-8A84-A3F955271B1E}"
EndProject
Global
	GlobalSection(SolutionConfigurationPlatforms) = preSolution
		Debug|Any CPU = Debug|Any CPU
		Release|Any CPU = Release|Any CPU
	EndGlobalSection
	GlobalSection(ProjectConfigurationPlatforms) = postSolution
		{0D142672-1BCD-4618-8A84-A3F955271B1E}.Debug|Any CPU.ActiveCfg = Debug|Any CPU
		{0D142672-1BCD-4618-8A84-A3F955271B1E}.Debug|Any CPU.Build.0 = Debug|Any CPU
		{0D142672-1BCD-4618-8A84-A3F955271B1E}.Release|Any CPU.ActiveCfg = Release|Any CPU
		{0D142672-1BCD-4618-8A84-A3F955271B1E}.Release|Any CPU.Build.0 = Release|Any CPU
	EndGlobalSection
	GlobalSection(SolutionProperties) = preSolution
		HideSolutionNode = FALSE
	EndGlobalSection
	GlobalSection(ExtensibilityGlobals) = postSolution
		SolutionGuid = {8120C37E-346C-465D-9821-C2679D6D11A4}
	EndGlobalSection
EndGlobal
